
Microsoft Visual Studio Solution File, Format Version 12.00
# Visual Studio Version 17
VisualStudioVersion = 17.1.32407.343
MinimumVisualStudioVersion = 10.0.40219.1
Project("{FAE04EC0-301F-11D3-BF4B-00C04F79EFBC}") = "ConsoleApp1", "ConsoleApp1\ConsoleApp1.csproj", "{8C010D25-4606-4315-BE8C-0B217FAD800D}"
EndProject
Global
	GlobalSection(SolutionConfigurationPlatforms) = preSolution
		Debug|Any CPU = Debug|Any CPU
		Release|Any CPU = Release|Any CPU
	EndGlobalSection
	GlobalSection(ProjectConfigurationPlatforms) = postSolution
		{8C010D25-4606-4315-BE8C-0B217FAD800D}.Debug|Any CPU.ActiveCfg = Debug|Any CPU
		{8C010D25-4606-4315-BE8C-0B217FAD800D}.Debug|Any CPU.Build.0 = Debug|Any CPU
		{8C010D25-4606-4315-BE8C-0B217FAD800D}.Release|Any CPU.ActiveCfg = Release|Any CPU
		{8C010D25-4606-4315-BE8C-0B217FAD800D}.Release|Any CPU.Build.0 = Release|Any CPU
	EndGlobalSection
	GlobalSection(SolutionProperties) = preSolution
		HideSolutionNode = FALSE
	EndGlobalSection
	GlobalSection(ExtensibilityGlobals) = postSolution
		SolutionGuid = {1137E1B0-E6B0-4B31-B343-ACC3F9C9529A}
	EndGlobalSection
EndGlobal
